// !$*UTF8*$!
{
	archiveVersion = 1;
	classes = {
	};
	objectVersion = 46;
	objects = {

/* Begin PBXBuildFile section */
		56A7FB3742E24F6B884ED4F9 /* Pods_RGBTextViewSwiftTests.framework in Frameworks */ = {isa = PBXBuildFile; fileRef = 79C38938F2B060C766E44328 /* Pods_RGBTextViewSwiftTests.framework */; };
		81105A4F1D33807B003E2492 /* AppDelegate.swift in Sources */ = {isa = PBXBuildFile; fileRef = 81105A4E1D33807B003E2492 /* AppDelegate.swift */; };
		81105A511D33807B003E2492 /* ViewController.swift in Sources */ = {isa = PBXBuildFile; fileRef = 81105A501D33807B003E2492 /* ViewController.swift */; };
		81105A541D33807B003E2492 /* Main.storyboard in Resources */ = {isa = PBXBuildFile; fileRef = 81105A521D33807B003E2492 /* Main.storyboard */; };
		81105A561D33807B003E2492 /* Assets.xcassets in Resources */ = {isa = PBXBuildFile; fileRef = 81105A551D33807B003E2492 /* Assets.xcassets */; };
		81105A591D33807B003E2492 /* LaunchScreen.storyboard in Resources */ = {isa = PBXBuildFile; fileRef = 81105A571D33807B003E2492 /* LaunchScreen.storyboard */; };
		81105A641D33807B003E2492 /* RGBTextViewSwiftTests.swift in Sources */ = {isa = PBXBuildFile; fileRef = 81105A631D33807B003E2492 /* RGBTextViewSwiftTests.swift */; };
		81105A731D3382F8003E2492 /* RGBTextView.swift in Sources */ = {isa = PBXBuildFile; fileRef = 81105A721D3382F8003E2492 /* RGBTextView.swift */; };
		B290B78DC6DC4958D835682D /* Pods_RGBTextViewSwift.framework in Frameworks */ = {isa = PBXBuildFile; fileRef = 5D7DBAEF34CED37FE4C47733 /* Pods_RGBTextViewSwift.framework */; };
/* End PBXBuildFile section */

/* Begin PBXContainerItemProxy section */
		81105A601D33807B003E2492 /* PBXContainerItemProxy */ = {
			isa = PBXContainerItemProxy;
			containerPortal = 81105A431D33807B003E2492 /* Project object */;
			proxyType = 1;
			remoteGlobalIDString = 81105A4A1D33807B003E2492;
			remoteInfo = RGBTextViewSwift;
		};
/* End PBXContainerItemProxy section */

/* Begin PBXFileReference section */
		01B02E57A6A216FC3F174D62 /* Pods-RGBTextViewSwift.debug.xcconfig */ = {isa = PBXFileReference; includeInIndex = 1; lastKnownFileType = text.xcconfig; name = "Pods-RGBTextViewSwift.debug.xcconfig"; path = "Pods/Target Support Files/Pods-RGBTextViewSwift/Pods-RGBTextViewSwift.debug.xcconfig"; sourceTree = "<group>"; };
		2A252FF38CA351E7A8E56F4E /* Pods-RGBTextViewSwiftTests.release.xcconfig */ = {isa = PBXFileReference; includeInIndex = 1; lastKnownFileType = text.xcconfig; name = "Pods-RGBTextViewSwiftTests.release.xcconfig"; path = "Pods/Target Support Files/Pods-RGBTextViewSwiftTests/Pods-RGBTextViewSwiftTests.release.xcconfig"; sourceTree = "<group>"; };
		5D7DBAEF34CED37FE4C47733 /* Pods_RGBTextViewSwift.framework */ = {isa = PBXFileReference; explicitFileType = wrapper.framework; includeInIndex = 0; path = Pods_RGBTextViewSwift.framework; sourceTree = BUILT_PRODUCTS_DIR; };
		79C38938F2B060C766E44328 /* Pods_RGBTextViewSwiftTests.framework */ = {isa = PBXFileReference; explicitFileType = wrapper.framework; includeInIndex = 0; path = Pods_RGBTextViewSwiftTests.framework; sourceTree = BUILT_PRODUCTS_DIR; };
		81105A4B1D33807B003E2492 /* RGBTextViewSwift.app */ = {isa = PBXFileReference; explicitFileType = wrapper.application; includeInIndex = 0; path = RGBTextViewSwift.app; sourceTree = BUILT_PRODUCTS_DIR; };
		81105A4E1D33807B003E2492 /* AppDelegate.swift */ = {isa = PBXFileReference; lastKnownFileType = sourcecode.swift; path = AppDelegate.swift; sourceTree = "<group>"; };
		81105A501D33807B003E2492 /* ViewController.swift */ = {isa = PBXFileReference; lastKnownFileType = sourcecode.swift; path = ViewController.swift; sourceTree = "<group>"; };
		81105A531D33807B003E2492 /* Base */ = {isa = PBXFileReference; lastKnownFileType = file.storyboard; name = Base; path = Base.lproj/Main.storyboard; sourceTree = "<group>"; };
		81105A551D33807B003E2492 /* Assets.xcassets */ = {isa = PBXFileReference; lastKnownFileType = folder.assetcatalog; path = Assets.xcassets; sourceTree = "<group>"; };
		81105A581D33807B003E2492 /* Base */ = {isa = PBXFileReference; lastKnownFileType = file.storyboard; name = Base; path = Base.lproj/LaunchScreen.storyboard; sourceTree = "<group>"; };
		81105A5A1D33807B003E2492 /* Info.plist */ = {isa = PBXFileReference; lastKnownFileType = text.plist.xml; path = Info.plist; sourceTree = "<group>"; };
		81105A5F1D33807B003E2492 /* RGBTextViewSwiftTests.xctest */ = {isa = PBXFileReference; explicitFileType = wrapper.cfbundle; includeInIndex = 0; path = RGBTextViewSwiftTests.xctest; sourceTree = BUILT_PRODUCTS_DIR; };
		81105A631D33807B003E2492 /* RGBTextViewSwiftTests.swift */ = {isa = PBXFileReference; lastKnownFileType = sourcecode.swift; path = RGBTextViewSwiftTests.swift; sourceTree = "<group>"; };
		81105A651D33807B003E2492 /* Info.plist */ = {isa = PBXFileReference; lastKnownFileType = text.plist.xml; path = Info.plist; sourceTree = "<group>"; };
		81105A721D3382F8003E2492 /* RGBTextView.swift */ = {isa = PBXFileReference; fileEncoding = 4; lastKnownFileType = sourcecode.swift; path = RGBTextView.swift; sourceTree = "<group>"; };
		EE2D74D8F1F883A742F86450 /* Pods-RGBTextViewSwiftTests.debug.xcconfig */ = {isa = PBXFileReference; includeInIndex = 1; lastKnownFileType = text.xcconfig; name = "Pods-RGBTextViewSwiftTests.debug.xcconfig"; path = "Pods/Target Support Files/Pods-RGBTextViewSwiftTests/Pods-RGBTextViewSwiftTests.debug.xcconfig"; sourceTree = "<group>"; };
		EF46D0CD22E062C4E35C253B /* Pods-RGBTextViewSwift.release.xcconfig */ = {isa = PBXFileReference; includeInIndex = 1; lastKnownFileType = text.xcconfig; name = "Pods-RGBTextViewSwift.release.xcconfig"; path = "Pods/Target Support Files/Pods-RGBTextViewSwift/Pods-RGBTextViewSwift.release.xcconfig"; sourceTree = "<group>"; };
/* End PBXFileReference section */

/* Begin PBXFrameworksBuildPhase section */
		81105A481D33807B003E2492 /* Frameworks */ = {
			isa = PBXFrameworksBuildPhase;
			buildActionMask = 2147483647;
			files = (
				B290B78DC6DC4958D835682D /* Pods_RGBTextViewSwift.framework in Frameworks */,
			);
			runOnlyForDeploymentPostprocessing = 0;
		};
		81105A5C1D33807B003E2492 /* Frameworks */ = {
			isa = PBXFrameworksBuildPhase;
			buildActionMask = 2147483647;
			files = (
				56A7FB3742E24F6B884ED4F9 /* Pods_RGBTextViewSwiftTests.framework in Frameworks */,
			);
			runOnlyForDeploymentPostprocessing = 0;
		};
/* End PBXFrameworksBuildPhase section */

/* Begin PBXGroup section */
		3670CA6CACC0CC342CF8695E /* Frameworks */ = {
			isa = PBXGroup;
			children = (
				5D7DBAEF34CED37FE4C47733 /* Pods_RGBTextViewSwift.framework */,
				79C38938F2B060C766E44328 /* Pods_RGBTextViewSwiftTests.framework */,
			);
			name = Frameworks;
			sourceTree = "<group>";
		};
		673FF58BB78B7B77317F11DA /* Pods */ = {
			isa = PBXGroup;
			children = (
				01B02E57A6A216FC3F174D62 /* Pods-RGBTextViewSwift.debug.xcconfig */,
				EF46D0CD22E062C4E35C253B /* Pods-RGBTextViewSwift.release.xcconfig */,
				EE2D74D8F1F883A742F86450 /* Pods-RGBTextViewSwiftTests.debug.xcconfig */,
				2A252FF38CA351E7A8E56F4E /* Pods-RGBTextViewSwiftTests.release.xcconfig */,
			);
			name = Pods;
			sourceTree = "<group>";
		};
		81105A421D33807B003E2492 = {
			isa = PBXGroup;
			children = (
				81105A4D1D33807B003E2492 /* RGBTextViewSwift */,
				81105A621D33807B003E2492 /* RGBTextViewSwiftTests */,
				81105A4C1D33807B003E2492 /* Products */,
				673FF58BB78B7B77317F11DA /* Pods */,
				3670CA6CACC0CC342CF8695E /* Frameworks */,
			);
			sourceTree = "<group>";
		};
		81105A4C1D33807B003E2492 /* Products */ = {
			isa = PBXGroup;
			children = (
				81105A4B1D33807B003E2492 /* RGBTextViewSwift.app */,
				81105A5F1D33807B003E2492 /* RGBTextViewSwiftTests.xctest */,
			);
			name = Products;
			sourceTree = "<group>";
		};
		81105A4D1D33807B003E2492 /* RGBTextViewSwift */ = {
			isa = PBXGroup;
			children = (
				81105A751D339314003E2492 /* RGBTextView */,
				81105A741D339308003E2492 /* Example */,
				81105A551D33807B003E2492 /* Assets.xcassets */,
				81105A571D33807B003E2492 /* LaunchScreen.storyboard */,
				81105A5A1D33807B003E2492 /* Info.plist */,
			);
			path = RGBTextViewSwift;
			sourceTree = "<group>";
		};
		81105A621D33807B003E2492 /* RGBTextViewSwiftTests */ = {
			isa = PBXGroup;
			children = (
				81105A631D33807B003E2492 /* RGBTextViewSwiftTests.swift */,
				81105A651D33807B003E2492 /* Info.plist */,
			);
			path = RGBTextViewSwiftTests;
			sourceTree = "<group>";
		};
		81105A741D339308003E2492 /* Example */ = {
			isa = PBXGroup;
			children = (
				81105A4E1D33807B003E2492 /* AppDelegate.swift */,
				81105A501D33807B003E2492 /* ViewController.swift */,
				81105A521D33807B003E2492 /* Main.storyboard */,
			);
			name = Example;
			sourceTree = "<group>";
		};
		81105A751D339314003E2492 /* RGBTextView */ = {
			isa = PBXGroup;
			children = (
				81105A721D3382F8003E2492 /* RGBTextView.swift */,
			);
			name = RGBTextView;
			sourceTree = "<group>";
		};
/* End PBXGroup section */

/* Begin PBXNativeTarget section */
		81105A4A1D33807B003E2492 /* RGBTextViewSwift */ = {
			isa = PBXNativeTarget;
			buildConfigurationList = 81105A681D33807B003E2492 /* Build configuration list for PBXNativeTarget "RGBTextViewSwift" */;
			buildPhases = (
				03B9A2609DB216A4697A5A13 /* 📦 Check Pods Manifest.lock */,
				81105A471D33807B003E2492 /* Sources */,
				81105A481D33807B003E2492 /* Frameworks */,
				81105A491D33807B003E2492 /* Resources */,
				99705956FED9F02FE00AFC47 /* 📦 Embed Pods Frameworks */,
				373D798717C1C8894059F300 /* 📦 Copy Pods Resources */,
			);
			buildRules = (
			);
			dependencies = (
			);
			name = RGBTextViewSwift;
			productName = RGBTextViewSwift;
			productReference = 81105A4B1D33807B003E2492 /* RGBTextViewSwift.app */;
			productType = "com.apple.product-type.application";
		};
		81105A5E1D33807B003E2492 /* RGBTextViewSwiftTests */ = {
			isa = PBXNativeTarget;
			buildConfigurationList = 81105A6B1D33807B003E2492 /* Build configuration list for PBXNativeTarget "RGBTextViewSwiftTests" */;
			buildPhases = (
				20CEB2C8BF5D0F6EC97A16CA /* 📦 Check Pods Manifest.lock */,
				81105A5B1D33807B003E2492 /* Sources */,
				81105A5C1D33807B003E2492 /* Frameworks */,
				81105A5D1D33807B003E2492 /* Resources */,
				A14D6AC47C62D05719FE1D85 /* 📦 Embed Pods Frameworks */,
				CEACF0740E7D870910577D82 /* 📦 Copy Pods Resources */,
			);
			buildRules = (
			);
			dependencies = (
				81105A611D33807B003E2492 /* PBXTargetDependency */,
			);
			name = RGBTextViewSwiftTests;
			productName = RGBTextViewSwiftTests;
			productReference = 81105A5F1D33807B003E2492 /* RGBTextViewSwiftTests.xctest */;
			productType = "com.apple.product-type.bundle.unit-test";
		};
/* End PBXNativeTarget section */

/* Begin PBXProject section */
		81105A431D33807B003E2492 /* Project object */ = {
			isa = PBXProject;
			attributes = {
				LastSwiftUpdateCheck = 0730;
				LastUpgradeCheck = 0730;
				ORGANIZATIONNAME = "Katchapon Poolpipat";
				TargetAttributes = {
					81105A4A1D33807B003E2492 = {
						CreatedOnToolsVersion = 7.3.1;
					};
					81105A5E1D33807B003E2492 = {
						CreatedOnToolsVersion = 7.3.1;
						TestTargetID = 81105A4A1D33807B003E2492;
					};
				};
			};
			buildConfigurationList = 81105A461D33807B003E2492 /* Build configuration list for PBXProject "RGBTextViewSwift" */;
			compatibilityVersion = "Xcode 3.2";
			developmentRegion = English;
			hasScannedForEncodings = 0;
			knownRegions = (
				en,
				Base,
			);
			mainGroup = 81105A421D33807B003E2492;
			productRefGroup = 81105A4C1D33807B003E2492 /* Products */;
			projectDirPath = "";
			projectRoot = "";
			targets = (
				81105A4A1D33807B003E2492 /* RGBTextViewSwift */,
				81105A5E1D33807B003E2492 /* RGBTextViewSwiftTests */,
			);
		};
/* End PBXProject section */

/* Begin PBXResourcesBuildPhase section */
		81105A491D33807B003E2492 /* Resources */ = {
			isa = PBXResourcesBuildPhase;
			buildActionMask = 2147483647;
			files = (
				81105A591D33807B003E2492 /* LaunchScreen.storyboard in Resources */,
				81105A561D33807B003E2492 /* Assets.xcassets in Resources */,
				81105A541D33807B003E2492 /* Main.storyboard in Resources */,
			);
			runOnlyForDeploymentPostprocessing = 0;
		};
		81105A5D1D33807B003E2492 /* Resources */ = {
			isa = PBXResourcesBuildPhase;
			buildActionMask = 2147483647;
			files = (
			);
			runOnlyForDeploymentPostprocessing = 0;
		};
/* End PBXResourcesBuildPhase section */

/* Begin PBXShellScriptBuildPhase section */
		03B9A2609DB216A4697A5A13 /* 📦 Check Pods Manifest.lock */ = {
			isa = PBXShellScriptBuildPhase;
			buildActionMask = 2147483647;
			files = (
			);
			inputPaths = (
			);
			name = "📦 Check Pods Manifest.lock";
			outputPaths = (
			);
			runOnlyForDeploymentPostprocessing = 0;
			shellPath = /bin/sh;
			shellScript = "diff \"${PODS_ROOT}/../Podfile.lock\" \"${PODS_ROOT}/Manifest.lock\" > /dev/null\nif [[ $? != 0 ]] ; then\n    cat << EOM\nerror: The sandbox is not in sync with the Podfile.lock. Run 'pod install' or update your CocoaPods installation.\nEOM\n    exit 1\nfi\n";
			showEnvVarsInLog = 0;
		};
		20CEB2C8BF5D0F6EC97A16CA /* 📦 Check Pods Manifest.lock */ = {
			isa = PBXShellScriptBuildPhase;
			buildActionMask = 2147483647;
			files = (
			);
			inputPaths = (
			);
			name = "📦 Check Pods Manifest.lock";
			outputPaths = (
			);
			runOnlyForDeploymentPostprocessing = 0;
			shellPath = /bin/sh;
			shellScript = "diff \"${PODS_ROOT}/../Podfile.lock\" \"${PODS_ROOT}/Manifest.lock\" > /dev/null\nif [[ $? != 0 ]] ; then\n    cat << EOM\nerror: The sandbox is not in sync with the Podfile.lock. Run 'pod install' or update your CocoaPods installation.\nEOM\n    exit 1\nfi\n";
			showEnvVarsInLog = 0;
		};
		373D798717C1C8894059F300 /* 📦 Copy Pods Resources */ = {
			isa = PBXShellScriptBuildPhase;
			buildActionMask = 2147483647;
			files = (
			);
			inputPaths = (
			);
			name = "📦 Copy Pods Resources";
			outputPaths = (
			);
			runOnlyForDeploymentPostprocessing = 0;
			shellPath = /bin/sh;
			shellScript = "\"${SRCROOT}/Pods/Target Support Files/Pods-RGBTextViewSwift/Pods-RGBTextViewSwift-resources.sh\"\n";
			showEnvVarsInLog = 0;
		};
		99705956FED9F02FE00AFC47 /* 📦 Embed Pods Frameworks */ = {
			isa = PBXShellScriptBuildPhase;
			buildActionMask = 2147483647;
			files = (
			);
			inputPaths = (
			);
			name = "📦 Embed Pods Frameworks";
			outputPaths = (
			);
			runOnlyForDeploymentPostprocessing = 0;
			shellPath = /bin/sh;
			shellScript = "\"${SRCROOT}/Pods/Target Support Files/Pods-RGBTextViewSwift/Pods-RGBTextViewSwift-frameworks.sh\"\n";
			showEnvVarsInLog = 0;
		};
		A14D6AC47C62D05719FE1D85 /* 📦 Embed Pods Frameworks */ = {
			isa = PBXShellScriptBuildPhase;
			buildActionMask = 2147483647;
			files = (
			);
			inputPaths = (
			);
			name = "📦 Embed Pods Frameworks";
			outputPaths = (
			);
			runOnlyForDeploymentPostprocessing = 0;
			shellPath = /bin/sh;
			shellScript = "\"${SRCROOT}/Pods/Target Support Files/Pods-RGBTextViewSwiftTests/Pods-RGBTextViewSwiftTests-frameworks.sh\"\n";
			showEnvVarsInLog = 0;
		};
		CEACF0740E7D870910577D82 /* 📦 Copy Pods Resources */ = {
			isa = PBXShellScriptBuildPhase;
			buildActionMask = 2147483647;
			files = (
			);
			inputPaths = (
			);
			name = "📦 Copy Pods Resources";
			outputPaths = (
			);
			runOnlyForDeploymentPostprocessing = 0;
			shellPath = /bin/sh;
			shellScript = "\"${SRCROOT}/Pods/Target Support Files/Pods-RGBTextViewSwiftTests/Pods-RGBTextViewSwiftTests-resources.sh\"\n";
			showEnvVarsInLog = 0;
		};
/* End PBXShellScriptBuildPhase section */

/* Begin PBXSourcesBuildPhase section */
		81105A471D33807B003E2492 /* Sources */ = {
			isa = PBXSourcesBuildPhase;
			buildActionMask = 2147483647;
			files = (
				81105A731D3382F8003E2492 /* RGBTextView.swift in Sources */,
				81105A511D33807B003E2492 /* ViewController.swift in Sources */,
				81105A4F1D33807B003E2492 /* AppDelegate.swift in Sources */,
			);
			runOnlyForDeploymentPostprocessing = 0;
		};
		81105A5B1D33807B003E2492 /* Sources */ = {
			isa = PBXSourcesBuildPhase;
			buildActionMask = 2147483647;
			files = (
				81105A641D33807B003E2492 /* RGBTextViewSwiftTests.swift in Sources */,
			);
			runOnlyForDeploymentPostprocessing = 0;
		};
/* End PBXSourcesBuildPhase section */

/* Begin PBXTargetDependency section */
		81105A611D33807B003E2492 /* PBXTargetDependency */ = {
			isa = PBXTargetDependency;
			target = 81105A4A1D33807B003E2492 /* RGBTextViewSwift */;
			targetProxy = 81105A601D33807B003E2492 /* PBXContainerItemProxy */;
		};
/* End PBXTargetDependency section */

/* Begin PBXVariantGroup section */
		81105A521D33807B003E2492 /* Main.storyboard */ = {
			isa = PBXVariantGroup;
			children = (
				81105A531D33807B003E2492 /* Base */,
			);
			name = Main.storyboard;
			sourceTree = "<group>";
		};
		81105A571D33807B003E2492 /* LaunchScreen.storyboard */ = {
			isa = PBXVariantGroup;
			children = (
				81105A581D33807B003E2492 /* Base */,
			);
			name = LaunchScreen.storyboard;
			sourceTree = "<group>";
		};
/* End PBXVariantGroup section */

/* Begin XCBuildConfiguration section */
		81105A661D33807B003E2492 /* Debug */ = {
			isa = XCBuildConfiguration;
			buildSettings = {
				ALWAYS_SEARCH_USER_PATHS = NO;
				CLANG_ANALYZER_NONNULL = YES;
				CLANG_CXX_LANGUAGE_STANDARD = "gnu++0x";
				CLANG_CXX_LIBRARY = "libc++";
				CLANG_ENABLE_MODULES = YES;
				CLANG_ENABLE_OBJC_ARC = YES;
				CLANG_WARN_BOOL_CONVERSION = YES;
				CLANG_WARN_CONSTANT_CONVERSION = YES;
				CLANG_WARN_DIRECT_OBJC_ISA_USAGE = YES_ERROR;
				CLANG_WARN_EMPTY_BODY = YES;
				CLANG_WARN_ENUM_CONVERSION = YES;
				CLANG_WARN_INT_CONVERSION = YES;
				CLANG_WARN_OBJC_ROOT_CLASS = YES_ERROR;
				CLANG_WARN_UNREACHABLE_CODE = YES;
				CLANG_WARN__DUPLICATE_METHOD_MATCH = YES;
				"CODE_SIGN_IDENTITY[sdk=iphoneos*]" = "iPhone Developer";
				COPY_PHASE_STRIP = NO;
				DEBUG_INFORMATION_FORMAT = dwarf;
				ENABLE_STRICT_OBJC_MSGSEND = YES;
				ENABLE_TESTABILITY = YES;
				GCC_C_LANGUAGE_STANDARD = gnu99;
				GCC_DYNAMIC_NO_PIC = NO;
				GCC_NO_COMMON_BLOCKS = YES;
				GCC_OPTIMIZATION_LEVEL = 0;
				GCC_PREPROCESSOR_DEFINITIONS = (
					"DEBUG=1",
					"$(inherited)",
				);
				GCC_WARN_64_TO_32_BIT_CONVERSION = YES;
				GCC_WARN_ABOUT_RETURN_TYPE = YES_ERROR;
				GCC_WARN_UNDECLARED_SELECTOR = YES;
				GCC_WARN_UNINITIALIZED_AUTOS = YES_AGGRESSIVE;
				GCC_WARN_UNUSED_FUNCTION = YES;
				GCC_WARN_UNUSED_VARIABLE = YES;
				IPHONEOS_DEPLOYMENT_TARGET = 9.3;
				MTL_ENABLE_DEBUG_INFO = YES;
				ONLY_ACTIVE_ARCH = YES;
				SDKROOT = iphoneos;
				SWIFT_OPTIMIZATION_LEVEL = "-Onone";
			};
			name = Debug;
		};
		81105A671D33807B003E2492 /* Release */ = {
			isa = XCBuildConfiguration;
			buildSettings = {
				ALWAYS_SEARCH_USER_PATHS = NO;
				CLANG_ANALYZER_NONNULL = YES;
				CLANG_CXX_LANGUAGE_STANDARD = "gnu++0x";
				CLANG_CXX_LIBRARY = "libc++";
				CLANG_ENABLE_MODULES = YES;
				CLANG_ENABLE_OBJC_ARC = YES;
				CLANG_WARN_BOOL_CONVERSION = YES;
				CLANG_WARN_CONSTANT_CONVERSION = YES;
				CLANG_WARN_DIRECT_OBJC_ISA_USAGE = YES_ERROR;
				CLANG_WARN_EMPTY_BODY = YES;
				CLANG_WARN_ENUM_CONVERSION = YES;
				CLANG_WARN_INT_CONVERSION = YES;
				CLANG_WARN_OBJC_ROOT_CLASS = YES_ERROR;
				CLANG_WARN_UNREACHABLE_CODE = YES;
				CLANG_WARN__DUPLICATE_METHOD_MATCH = YES;
				"CODE_SIGN_IDENTITY[sdk=iphoneos*]" = "iPhone Developer";
				COPY_PHASE_STRIP = NO;
				DEBUG_INFORMATION_FORMAT = "dwarf-with-dsym";
				ENABLE_NS_ASSERTIONS = NO;
				ENABLE_STRICT_OBJC_MSGSEND = YES;
				GCC_C_LANGUAGE_STANDARD = gnu99;
				GCC_NO_COMMON_BLOCKS = YES;
				GCC_WARN_64_TO_32_BIT_CONVERSION = YES;
				GCC_WARN_ABOUT_RETURN_TYPE = YES_ERROR;
				GCC_WARN_UNDECLARED_SELECTOR = YES;
				GCC_WARN_UNINITIALIZED_AUTOS = YES_AGGRESSIVE;
				GCC_WARN_UNUSED_FUNCTION = YES;
				GCC_WARN_UNUSED_VARIABLE = YES;
				IPHONEOS_DEPLOYMENT_TARGET = 9.3;
				MTL_ENABLE_DEBUG_INFO = NO;
				SDKROOT = iphoneos;
				VALIDATE_PRODUCT = YES;
			};
			name = Release;
		};
		81105A691D33807B003E2492 /* Debug */ = {
			isa = XCBuildConfiguration;
			baseConfigurationReference = 01B02E57A6A216FC3F174D62 /* Pods-RGBTextViewSwift.debug.xcconfig */;
			buildSettings = {
				ASSETCATALOG_COMPILER_APPICON_NAME = AppIcon;
				INFOPLIST_FILE = RGBTextViewSwift/Info.plist;
				LD_RUNPATH_SEARCH_PATHS = "$(inherited) @executable_path/Frameworks";
				PRODUCT_BUNDLE_IDENTIFIER = com.kpoolpipat.RGBTextViewSwift;
				PRODUCT_NAME = "$(TARGET_NAME)";
			};
			name = Debug;
		};
		81105A6A1D33807B003E2492 /* Release */ = {
			isa = XCBuildConfiguration;
			baseConfigurationReference = EF46D0CD22E062C4E35C253B /* Pods-RGBTextViewSwift.release.xcconfig */;
			buildSettings = {
				ASSETCATALOG_COMPILER_APPICON_NAME = AppIcon;
				INFOPLIST_FILE = RGBTextViewSwift/Info.plist;
				LD_RUNPATH_SEARCH_PATHS = "$(inherited) @executable_path/Frameworks";
				PRODUCT_BUNDLE_IDENTIFIER = com.kpoolpipat.RGBTextViewSwift;
				PRODUCT_NAME = "$(TARGET_NAME)";
			};
			name = Release;
		};
		81105A6C1D33807B003E2492 /* Debug */ = {
			isa = XCBuildConfiguration;
			baseConfigurationReference = EE2D74D8F1F883A742F86450 /* Pods-RGBTextViewSwiftTests.debug.xcconfig */;
			buildSettings = {
				BUNDLE_LOADER = "$(TEST_HOST)";
				INFOPLIST_FILE = RGBTextViewSwiftTests/Info.plist;
				LD_RUNPATH_SEARCH_PATHS = "$(inherited) @executable_path/Frameworks @loader_path/Frameworks";
				PRODUCT_BUNDLE_IDENTIFIER = com.kpoolpipat.RGBTextViewSwiftTests;
				PRODUCT_NAME = "$(TARGET_NAME)";
				TEST_HOST = "$(BUILT_PRODUCTS_DIR)/RGBTextViewSwift.app/RGBTextViewSwift";
			};
			name = Debug;
		};
		81105A6D1D33807B003E2492 /* Release */ = {
			isa = XCBuildConfiguration;
			baseConfigurationReference = 2A252FF38CA351E7A8E56F4E /* Pods-RGBTextViewSwiftTests.release.xcconfig */;
			buildSettings = {
				BUNDLE_LOADER = "$(TEST_HOST)";
				INFOPLIST_FILE = RGBTextViewSwiftTests/Info.plist;
				LD_RUNPATH_SEARCH_PATHS = "$(inherited) @executable_path/Frameworks @loader_path/Frameworks";
				PRODUCT_BUNDLE_IDENTIFIER = com.kpoolpipat.RGBTextViewSwiftTests;
				PRODUCT_NAME = "$(TARGET_NAME)";
				TEST_HOST = "$(BUILT_PRODUCTS_DIR)/RGBTextViewSwift.app/RGBTextViewSwift";
			};
			name = Release;
		};
/* End XCBuildConfiguration section */

/* Begin XCConfigurationList section */
		81105A461D33807B003E2492 /* Build configuration list for PBXProject "RGBTextViewSwift" */ = {
			isa = XCConfigurationList;
			buildConfigurations = (
				81105A661D33807B003E2492 /* Debug */,
				81105A671D33807B003E2492 /* Release */,
			);
			defaultConfigurationIsVisible = 0;
			defaultConfigurationName = Release;
		};
		81105A681D33807B003E2492 /* Build configuration list for PBXNativeTarget "RGBTextViewSwift" */ = {
			isa = XCConfigurationList;
			buildConfigurations = (
				81105A691D33807B003E2492 /* Debug */,
				81105A6A1D33807B003E2492 /* Release */,
			);
			defaultConfigurationIsVisible = 0;
			defaultConfigurationName = Release;
		};
		81105A6B1D33807B003E2492 /* Build configuration list for PBXNativeTarget "RGBTextViewSwiftTests" */ = {
			isa = XCConfigurationList;
			buildConfigurations = (
				81105A6C1D33807B003E2492 /* Debug */,
				81105A6D1D33807B003E2492 /* Release */,
			);
			defaultConfigurationIsVisible = 0;
			defaultConfigurationName = Release;
		};
/* End XCConfigurationList section */
	};
	rootObject = 81105A431D33807B003E2492 /* Project object */;
}
